
Microsoft Visual Studio Solution File, Format Version 12.00
# Visual Studio 15
VisualStudioVersion = 15.0.26906.1
MinimumVisualStudioVersion = 10.0.40219.1
Project("{FAE04EC0-301F-11D3-BF4B-00C04F79EFBC}") = "Kata20170924_TakeaTenMinuteWalk", "Kata20170924_TakeaTenMinuteWalk\Kata20170924_TakeaTenMinuteWalk.csproj", "{D7BA5F1B-349E-4974-B33F-357E6CAF0567}"
EndProject
Global
	GlobalSection(SolutionConfigurationPlatforms) = preSolution
		Debug|Any CPU = Debug|Any CPU
		Release|Any CPU = Release|Any CPU
	EndGlobalSection
	GlobalSection(ProjectConfigurationPlatforms) = postSolution
		{D7BA5F1B-349E-4974-B33F-357E6CAF0567}.Debug|Any CPU.ActiveCfg = Debug|Any CPU
		{D7BA5F1B-349E-4974-B33F-357E6CAF0567}.Debug|Any CPU.Build.0 = Debug|Any CPU
		{D7BA5F1B-349E-4974-B33F-357E6CAF0567}.Release|Any CPU.ActiveCfg = Release|Any CPU
		{D7BA5F1B-349E-4974-B33F-357E6CAF0567}.Release|Any CPU.Build.0 = Release|Any CPU
	EndGlobalSection
	GlobalSection(SolutionProperties) = preSolution
		HideSolutionNode = FALSE
	EndGlobalSection
	GlobalSection(ExtensibilityGlobals) = postSolution
		SolutionGuid = {329C868B-F6C3-4695-9D7F-9ED2A4C964BD}
	EndGlobalSection
EndGlobal
